
Microsoft Visual Studio Solution File, Format Version 12.00
# Visual Studio 2013
VisualStudioVersion = 12.0.31101.0
MinimumVisualStudioVersion = 10.0.40219.1
Project("{FAE04EC0-301F-11D3-BF4B-00C04F79EFBC}") = "ModelowanieGeometryczne", "ModelowanieGeometryczne\ModelowanieGeometryczne.csproj", "{907F8542-DF66-4620-9B19-6AECFCA6DFD3}"
EndProject
Project("{FAE04EC0-301F-11D3-BF4B-00C04F79EFBC}") = "Tests", "Tests\Tests.csproj", "{8F10133E-324C-46EB-83F4-6BA173060387}"
EndProject
Global
	GlobalSection(SolutionConfigurationPlatforms) = preSolution
		Debug|Any CPU = Debug|Any CPU
		Release|Any CPU = Release|Any CPU
	EndGlobalSection
	GlobalSection(ProjectConfigurationPlatforms) = postSolution
		{907F8542-DF66-4620-9B19-6AECFCA6DFD3}.Debug|Any CPU.ActiveCfg = Debug|Any CPU
		{907F8542-DF66-4620-9B19-6AECFCA6DFD3}.Debug|Any CPU.Build.0 = Debug|Any CPU
		{907F8542-DF66-4620-9B19-6AECFCA6DFD3}.Release|Any CPU.ActiveCfg = Release|Any CPU
		{907F8542-DF66-4620-9B19-6AECFCA6DFD3}.Release|Any CPU.Build.0 = Release|Any CPU
		{8F10133E-324C-46EB-83F4-6BA173060387}.Debug|Any CPU.ActiveCfg = Debug|Any CPU
		{8F10133E-324C-46EB-83F4-6BA173060387}.Debug|Any CPU.Build.0 = Debug|Any CPU
		{8F10133E-324C-46EB-83F4-6BA173060387}.Release|Any CPU.ActiveCfg = Release|Any CPU
		{8F10133E-324C-46EB-83F4-6BA173060387}.Release|Any CPU.Build.0 = Release|Any CPU
	EndGlobalSection
	GlobalSection(SolutionProperties) = preSolution
		HideSolutionNode = FALSE
	EndGlobalSection
EndGlobal
